// !$*UTF8*$!
{
	archiveVersion = 1;
	classes = {
	};
	objectVersion = 50;
	objects = {

/* Begin PBXBuildFile section */
		D1C7559821D2A7F400D405E4 /* AppDelegate.swift in Sources */ = {isa = PBXBuildFile; fileRef = D1C7559721D2A7F400D405E4 /* AppDelegate.swift */; };
		D1C7559A21D2A7F400D405E4 /* ViewController.swift in Sources */ = {isa = PBXBuildFile; fileRef = D1C7559921D2A7F400D405E4 /* ViewController.swift */; };
		D1C7559D21D2A7F400D405E4 /* Main.storyboard in Resources */ = {isa = PBXBuildFile; fileRef = D1C7559B21D2A7F400D405E4 /* Main.storyboard */; };
		D1C7559F21D2A81500D405E4 /* Assets.xcassets in Resources */ = {isa = PBXBuildFile; fileRef = D1C7559E21D2A81500D405E4 /* Assets.xcassets */; };
		D1C755A221D2A81500D405E4 /* LaunchScreen.storyboard in Resources */ = {isa = PBXBuildFile; fileRef = D1C755A021D2A81500D405E4 /* LaunchScreen.storyboard */; };
		D1C755AA21D2A9F400D405E4 /* Fetcher.swift in Sources */ = {isa = PBXBuildFile; fileRef = D1C755A921D2A9F400D405E4 /* Fetcher.swift */; };
		D1C755AC21D2AA0100D405E4 /* Serializer.swift in Sources */ = {isa = PBXBuildFile; fileRef = D1C755AB21D2AA0100D405E4 /* Serializer.swift */; };
		D1C755AE21D2AA1A00D405E4 /* TableViewDataSource.swift in Sources */ = {isa = PBXBuildFile; fileRef = D1C755AD21D2AA1A00D405E4 /* TableViewDataSource.swift */; };
		D1C755B021D2AA2400D405E4 /* Todo.swift in Sources */ = {isa = PBXBuildFile; fileRef = D1C755AF21D2AA2400D405E4 /* Todo.swift */; };
		D1C755B221D2AAD500D405E4 /* Constants.swift in Sources */ = {isa = PBXBuildFile; fileRef = D1C755B121D2AAD500D405E4 /* Constants.swift */; };
/* End PBXBuildFile section */

/* Begin PBXFileReference section */
		D1C7559421D2A7F400D405E4 /* Todos.app */ = {isa = PBXFileReference; explicitFileType = wrapper.application; includeInIndex = 0; path = Todos.app; sourceTree = BUILT_PRODUCTS_DIR; };
		D1C7559721D2A7F400D405E4 /* AppDelegate.swift */ = {isa = PBXFileReference; lastKnownFileType = sourcecode.swift; path = AppDelegate.swift; sourceTree = "<group>"; };
		D1C7559921D2A7F400D405E4 /* ViewController.swift */ = {isa = PBXFileReference; lastKnownFileType = sourcecode.swift; path = ViewController.swift; sourceTree = "<group>"; };
		D1C7559C21D2A7F400D405E4 /* Base */ = {isa = PBXFileReference; lastKnownFileType = file.storyboard; name = Base; path = Base.lproj/Main.storyboard; sourceTree = "<group>"; };
		D1C7559E21D2A81500D405E4 /* Assets.xcassets */ = {isa = PBXFileReference; lastKnownFileType = folder.assetcatalog; path = Assets.xcassets; sourceTree = "<group>"; };
		D1C755A121D2A81500D405E4 /* Base */ = {isa = PBXFileReference; lastKnownFileType = file.storyboard; name = Base; path = Base.lproj/LaunchScreen.storyboard; sourceTree = "<group>"; };
		D1C755A321D2A81500D405E4 /* Info.plist */ = {isa = PBXFileReference; lastKnownFileType = text.plist.xml; path = Info.plist; sourceTree = "<group>"; };
		D1C755A921D2A9F400D405E4 /* Fetcher.swift */ = {isa = PBXFileReference; lastKnownFileType = sourcecode.swift; path = Fetcher.swift; sourceTree = "<group>"; };
		D1C755AB21D2AA0100D405E4 /* Serializer.swift */ = {isa = PBXFileReference; lastKnownFileType = sourcecode.swift; path = Serializer.swift; sourceTree = "<group>"; };
		D1C755AD21D2AA1A00D405E4 /* TableViewDataSource.swift */ = {isa = PBXFileReference; lastKnownFileType = sourcecode.swift; path = TableViewDataSource.swift; sourceTree = "<group>"; };
		D1C755AF21D2AA2400D405E4 /* Todo.swift */ = {isa = PBXFileReference; lastKnownFileType = sourcecode.swift; path = Todo.swift; sourceTree = "<group>"; };
		D1C755B121D2AAD500D405E4 /* Constants.swift */ = {isa = PBXFileReference; lastKnownFileType = sourcecode.swift; path = Constants.swift; sourceTree = "<group>"; };
/* End PBXFileReference section */

/* Begin PBXFrameworksBuildPhase section */
		D1C7559121D2A7F400D405E4 /* Frameworks */ = {
			isa = PBXFrameworksBuildPhase;
			buildActionMask = 2147483647;
			files = (
			);
			runOnlyForDeploymentPostprocessing = 0;
		};
/* End PBXFrameworksBuildPhase section */

/* Begin PBXGroup section */
		D1C7558B21D2A7F400D405E4 = {
			isa = PBXGroup;
			children = (
				D1C7559621D2A7F400D405E4 /* Todos */,
				D1C7559521D2A7F400D405E4 /* Products */,
			);
			sourceTree = "<group>";
		};
		D1C7559521D2A7F400D405E4 /* Products */ = {
			isa = PBXGroup;
			children = (
				D1C7559421D2A7F400D405E4 /* Todos.app */,
			);
			name = Products;
			sourceTree = "<group>";
		};
		D1C7559621D2A7F400D405E4 /* Todos */ = {
			isa = PBXGroup;
			children = (
				D1C7559B21D2A7F400D405E4 /* Main.storyboard */,
				D1C7559921D2A7F400D405E4 /* ViewController.swift */,
				D1C755A921D2A9F400D405E4 /* Fetcher.swift */,
				D1C755AB21D2AA0100D405E4 /* Serializer.swift */,
				D1C755AD21D2AA1A00D405E4 /* TableViewDataSource.swift */,
				D1C755AF21D2AA2400D405E4 /* Todo.swift */,
				D1C7559721D2A7F400D405E4 /* AppDelegate.swift */,
				D1C755A321D2A81500D405E4 /* Info.plist */,
				D1C7559E21D2A81500D405E4 /* Assets.xcassets */,
				D1C755A021D2A81500D405E4 /* LaunchScreen.storyboard */,
				D1C755B121D2AAD500D405E4 /* Constants.swift */,
			);
			path = Todos;
			sourceTree = "<group>";
		};
/* End PBXGroup section */

/* Begin PBXNativeTarget section */
		D1C7559321D2A7F400D405E4 /* Todos */ = {
			isa = PBXNativeTarget;
			buildConfigurationList = D1C755A621D2A81500D405E4 /* Build configuration list for PBXNativeTarget "Todos" */;
			buildPhases = (
				D1C7559021D2A7F400D405E4 /* Sources */,
				D1C7559121D2A7F400D405E4 /* Frameworks */,
				D1C7559221D2A7F400D405E4 /* Resources */,
			);
			buildRules = (
			);
			dependencies = (
			);
			name = Todos;
			productName = Todos;
			productReference = D1C7559421D2A7F400D405E4 /* Todos.app */;
			productType = "com.apple.product-type.application";
		};
/* End PBXNativeTarget section */

/* Begin PBXProject section */
		D1C7558C21D2A7F400D405E4 /* Project object */ = {
			isa = PBXProject;
			attributes = {
				LastSwiftUpdateCheck = 1010;
				LastUpgradeCheck = 1010;
				ORGANIZATIONNAME = "Sasa Prodribaba";
				TargetAttributes = {
					D1C7559321D2A7F400D405E4 = {
						CreatedOnToolsVersion = 10.1;
					};
				};
			};
			buildConfigurationList = D1C7558F21D2A7F400D405E4 /* Build configuration list for PBXProject "Todos" */;
			compatibilityVersion = "Xcode 9.3";
			developmentRegion = en;
			hasScannedForEncodings = 0;
			knownRegions = (
				en,
				Base,
			);
			mainGroup = D1C7558B21D2A7F400D405E4;
			productRefGroup = D1C7559521D2A7F400D405E4 /* Products */;
			projectDirPath = "";
			projectRoot = "";
			targets = (
				D1C7559321D2A7F400D405E4 /* Todos */,
			);
		};
/* End PBXProject section */

/* Begin PBXResourcesBuildPhase section */
		D1C7559221D2A7F400D405E4 /* Resources */ = {
			isa = PBXResourcesBuildPhase;
			buildActionMask = 2147483647;
			files = (
				D1C755A221D2A81500D405E4 /* LaunchScreen.storyboard in Resources */,
				D1C7559F21D2A81500D405E4 /* Assets.xcassets in Resources */,
				D1C7559D21D2A7F400D405E4 /* Main.storyboard in Resources */,
			);
			runOnlyForDeploymentPostprocessing = 0;
		};
/* End PBXResourcesBuildPhase section */

/* Begin PBXSourcesBuildPhase section */
		D1C7559021D2A7F400D405E4 /* Sources */ = {
			isa = PBXSourcesBuildPhase;
			buildActionMask = 2147483647;
			files = (
				D1C7559A21D2A7F400D405E4 /* ViewController.swift in Sources */,
				D1C755B021D2AA2400D405E4 /* Todo.swift in Sources */,
				D1C755AE21D2AA1A00D405E4 /* TableViewDataSource.swift in Sources */,
				D1C755AC21D2AA0100D405E4 /* Serializer.swift in Sources */,
				D1C755B221D2AAD500D405E4 /* Constants.swift in Sources */,
				D1C7559821D2A7F400D405E4 /* AppDelegate.swift in Sources */,
				D1C755AA21D2A9F400D405E4 /* Fetcher.swift in Sources */,
			);
			runOnlyForDeploymentPostprocessing = 0;
		};
/* End PBXSourcesBuildPhase section */

/* Begin PBXVariantGroup section */
		D1C7559B21D2A7F400D405E4 /* Main.storyboard */ = {
			isa = PBXVariantGroup;
			children = (
				D1C7559C21D2A7F400D405E4 /* Base */,
			);
			name = Main.storyboard;
			sourceTree = "<group>";
		};
		D1C755A021D2A81500D405E4 /* LaunchScreen.storyboard */ = {
			isa = PBXVariantGroup;
			children = (
				D1C755A121D2A81500D405E4 /* Base */,
			);
			name = LaunchScreen.storyboard;
			sourceTree = "<group>";
		};
/* End PBXVariantGroup section */

/* Begin XCBuildConfiguration section */
		D1C755A421D2A81500D405E4 /* Debug */ = {
			isa = XCBuildConfiguration;
			buildSettings = {
				ALWAYS_SEARCH_USER_PATHS = NO;
				CLANG_ANALYZER_NONNULL = YES;
				CLANG_ANALYZER_NUMBER_OBJECT_CONVERSION = YES_AGGRESSIVE;
				CLANG_CXX_LANGUAGE_STANDARD = "gnu++14";
				CLANG_CXX_LIBRARY = "libc++";
				CLANG_ENABLE_MODULES = YES;
				CLANG_ENABLE_OBJC_ARC = YES;
				CLANG_ENABLE_OBJC_WEAK = YES;
				CLANG_WARN_BLOCK_CAPTURE_AUTORELEASING = YES;
				CLANG_WARN_BOOL_CONVERSION = YES;
				CLANG_WARN_COMMA = YES;
				CLANG_WARN_CONSTANT_CONVERSION = YES;
				CLANG_WARN_DEPRECATED_OBJC_IMPLEMENTATIONS = YES;
				CLANG_WARN_DIRECT_OBJC_ISA_USAGE = YES_ERROR;
				CLANG_WARN_DOCUMENTATION_COMMENTS = YES;
				CLANG_WARN_EMPTY_BODY = YES;
				CLANG_WARN_ENUM_CONVERSION = YES;
				CLANG_WARN_INFINITE_RECURSION = YES;
				CLANG_WARN_INT_CONVERSION = YES;
				CLANG_WARN_NON_LITERAL_NULL_CONVERSION = YES;
				CLANG_WARN_OBJC_IMPLICIT_RETAIN_SELF = YES;
				CLANG_WARN_OBJC_LITERAL_CONVERSION = YES;
				CLANG_WARN_OBJC_ROOT_CLASS = YES_ERROR;
				CLANG_WARN_RANGE_LOOP_ANALYSIS = YES;
				CLANG_WARN_STRICT_PROTOTYPES = YES;
				CLANG_WARN_SUSPICIOUS_MOVE = YES;
				CLANG_WARN_UNGUARDED_AVAILABILITY = YES_AGGRESSIVE;
				CLANG_WARN_UNREACHABLE_CODE = YES;
				CLANG_WARN__DUPLICATE_METHOD_MATCH = YES;
				CODE_SIGN_IDENTITY = "iPhone Developer";
				COPY_PHASE_STRIP = NO;
				DEBUG_INFORMATION_FORMAT = dwarf;
				ENABLE_STRICT_OBJC_MSGSEND = YES;
				ENABLE_TESTABILITY = YES;
				GCC_C_LANGUAGE_STANDARD = gnu11;
				GCC_DYNAMIC_NO_PIC = NO;
				GCC_NO_COMMON_BLOCKS = YES;
				GCC_OPTIMIZATION_LEVEL = 0;
				GCC_PREPROCESSOR_DEFINITIONS = (
					"DEBUG=1",
					"$(inherited)",
				);
				GCC_WARN_64_TO_32_BIT_CONVERSION = YES;
				GCC_WARN_ABOUT_RETURN_TYPE = YES_ERROR;
				GCC_WARN_UNDECLARED_SELECTOR = YES;
				GCC_WARN_UNINITIALIZED_AUTOS = YES_AGGRESSIVE;
				GCC_WARN_UNUSED_FUNCTION = YES;
				GCC_WARN_UNUSED_VARIABLE = YES;
				IPHONEOS_DEPLOYMENT_TARGET = 12.1;
				MTL_ENABLE_DEBUG_INFO = INCLUDE_SOURCE;
				MTL_FAST_MATH = YES;
				ONLY_ACTIVE_ARCH = YES;
				SDKROOT = iphoneos;
				SWIFT_ACTIVE_COMPILATION_CONDITIONS = DEBUG;
				SWIFT_OPTIMIZATION_LEVEL = "-Onone";
			};
			name = Debug;
		};
		D1C755A521D2A81500D405E4 /* Release */ = {
			isa = XCBuildConfiguration;
			buildSettings = {
				ALWAYS_SEARCH_USER_PATHS = NO;
				CLANG_ANALYZER_NONNULL = YES;
				CLANG_ANALYZER_NUMBER_OBJECT_CONVERSION = YES_AGGRESSIVE;
				CLANG_CXX_LANGUAGE_STANDARD = "gnu++14";
				CLANG_CXX_LIBRARY = "libc++";
				CLANG_ENABLE_MODULES = YES;
				CLANG_ENABLE_OBJC_ARC = YES;
				CLANG_ENABLE_OBJC_WEAK = YES;
				CLANG_WARN_BLOCK_CAPTURE_AUTORELEASING = YES;
				CLANG_WARN_BOOL_CONVERSION = YES;
				CLANG_WARN_COMMA = YES;
				CLANG_WARN_CONSTANT_CONVERSION = YES;
				CLANG_WARN_DEPRECATED_OBJC_IMPLEMENTATIONS = YES;
				CLANG_WARN_DIRECT_OBJC_ISA_USAGE = YES_ERROR;
				CLANG_WARN_DOCUMENTATION_COMMENTS = YES;
				CLANG_WARN_EMPTY_BODY = YES;
				CLANG_WARN_ENUM_CONVERSION = YES;
				CLANG_WARN_INFINITE_RECURSION = YES;
				CLANG_WARN_INT_CONVERSION = YES;
				CLANG_WARN_NON_LITERAL_NULL_CONVERSION = YES;
				CLANG_WARN_OBJC_IMPLICIT_RETAIN_SELF = YES;
				CLANG_WARN_OBJC_LITERAL_CONVERSION = YES;
				CLANG_WARN_OBJC_ROOT_CLASS = YES_ERROR;
				CLANG_WARN_RANGE_LOOP_ANALYSIS = YES;
				CLANG_WARN_STRICT_PROTOTYPES = YES;
				CLANG_WARN_SUSPICIOUS_MOVE = YES;
				CLANG_WARN_UNGUARDED_AVAILABILITY = YES_AGGRESSIVE;
				CLANG_WARN_UNREACHABLE_CODE = YES;
				CLANG_WARN__DUPLICATE_METHOD_MATCH = YES;
				CODE_SIGN_IDENTITY = "iPhone Developer";
				COPY_PHASE_STRIP = NO;
				DEBUG_INFORMATION_FORMAT = "dwarf-with-dsym";
				ENABLE_NS_ASSERTIONS = NO;
				ENABLE_STRICT_OBJC_MSGSEND = YES;
				GCC_C_LANGUAGE_STANDARD = gnu11;
				GCC_NO_COMMON_BLOCKS = YES;
				GCC_WARN_64_TO_32_BIT_CONVERSION = YES;
				GCC_WARN_ABOUT_RETURN_TYPE = YES_ERROR;
				GCC_WARN_UNDECLARED_SELECTOR = YES;
				GCC_WARN_UNINITIALIZED_AUTOS = YES_AGGRESSIVE;
				GCC_WARN_UNUSED_FUNCTION = YES;
				GCC_WARN_UNUSED_VARIABLE = YES;
				IPHONEOS_DEPLOYMENT_TARGET = 12.1;
				MTL_ENABLE_DEBUG_INFO = NO;
				MTL_FAST_MATH = YES;
				SDKROOT = iphoneos;
				SWIFT_COMPILATION_MODE = wholemodule;
				SWIFT_OPTIMIZATION_LEVEL = "-O";
				VALIDATE_PRODUCT = YES;
			};
			name = Release;
		};
		D1C755A721D2A81500D405E4 /* Debug */ = {
			isa = XCBuildConfiguration;
			buildSettings = {
				ASSETCATALOG_COMPILER_APPICON_NAME = AppIcon;
				CODE_SIGN_STYLE = Automatic;
				DEVELOPMENT_TEAM = YXEPR3T6H7;
				INFOPLIST_FILE = Todos/Info.plist;
				LD_RUNPATH_SEARCH_PATHS = (
					"$(inherited)",
					"@executable_path/Frameworks",
				);
				PRODUCT_BUNDLE_IDENTIFIER = com.sasaprodribaba.Todos;
				PRODUCT_NAME = "$(TARGET_NAME)";
				SWIFT_VERSION = 4.2;
				TARGETED_DEVICE_FAMILY = "1,2";
			};
			name = Debug;
		};
		D1C755A821D2A81500D405E4 /* Release */ = {
			isa = XCBuildConfiguration;
			buildSettings = {
				ASSETCATALOG_COMPILER_APPICON_NAME = AppIcon;
				CODE_SIGN_STYLE = Automatic;
				DEVELOPMENT_TEAM = YXEPR3T6H7;
				INFOPLIST_FILE = Todos/Info.plist;
				LD_RUNPATH_SEARCH_PATHS = (
					"$(inherited)",
					"@executable_path/Frameworks",
				);
				PRODUCT_BUNDLE_IDENTIFIER = com.sasaprodribaba.Todos;
				PRODUCT_NAME = "$(TARGET_NAME)";
				SWIFT_VERSION = 4.2;
				TARGETED_DEVICE_FAMILY = "1,2";
			};
			name = Release;
		};
/* End XCBuildConfiguration section */

/* Begin XCConfigurationList section */
		D1C7558F21D2A7F400D405E4 /* Build configuration list for PBXProject "Todos" */ = {
			isa = XCConfigurationList;
			buildConfigurations = (
				D1C755A421D2A81500D405E4 /* Debug */,
				D1C755A521D2A81500D405E4 /* Release */,
			);
			defaultConfigurationIsVisible = 0;
			defaultConfigurationName = Release;
		};
		D1C755A621D2A81500D405E4 /* Build configuration list for PBXNativeTarget "Todos" */ = {
			isa = XCConfigurationList;
			buildConfigurations = (
				D1C755A721D2A81500D405E4 /* Debug */,
				D1C755A821D2A81500D405E4 /* Release */,
			);
			defaultConfigurationIsVisible = 0;
			defaultConfigurationName = Release;
		};
/* End XCConfigurationList section */
	};
	rootObject = D1C7558C21D2A7F400D405E4 /* Project object */;
}
